
Microsoft Visual Studio Solution File, Format Version 12.00
# Visual Studio Version 16
VisualStudioVersion = 16.0.31727.386
MinimumVisualStudioVersion = 10.0.40219.1
Project("{8BC9CEB8-8B4A-11D0-8D11-00A0C91BC942}") = "lesco_project", "lesco_project\lesco_project.vcxproj", "{7B0DE6E5-6F8D-4FE4-BCFD-69F22D428595}"
EndProject
Global
	GlobalSection(SolutionConfigurationPlatforms) = preSolution
		Debug|x64 = Debug|x64
		Debug|x86 = Debug|x86
		Release|x64 = Release|x64
		Release|x86 = Release|x86
	EndGlobalSection
	GlobalSection(ProjectConfigurationPlatforms) = postSolution
		{7B0DE6E5-6F8D-4FE4-BCFD-69F22D428595}.Debug|x64.ActiveCfg = Debug|x64
		{7B0DE6E5-6F8D-4FE4-BCFD-69F22D428595}.Debug|x64.Build.0 = Debug|x64
		{7B0DE6E5-6F8D-4FE4-BCFD-69F22D428595}.Debug|x86.ActiveCfg = Debug|Win32
		{7B0DE6E5-6F8D-4FE4-BCFD-69F22D428595}.Debug|x86.Build.0 = Debug|Win32
		{7B0DE6E5-6F8D-4FE4-BCFD-69F22D428595}.Release|x64.ActiveCfg = Release|x64
		{7B0DE6E5-6F8D-4FE4-BCFD-69F22D428595}.Release|x64.Build.0 = Release|x64
		{7B0DE6E5-6F8D-4FE4-BCFD-69F22D428595}.Release|x86.ActiveCfg = Release|Win32
		{7B0DE6E5-6F8D-4FE4-BCFD-69F22D428595}.Release|x86.Build.0 = Release|Win32
	EndGlobalSection
	GlobalSection(SolutionProperties) = preSolution
		HideSolutionNode = FALSE
	EndGlobalSection
	GlobalSection(ExtensibilityGlobals) = postSolution
		SolutionGuid = {D552042B-6319-4FC5-9735-99BFE00CB01D}
	EndGlobalSection
EndGlobal
